{
  "version": 4,
  "terraform_version": "1.3.5",
  "serial": 47,
  "lineage": "d13decd0-8674-ae8b-3cfa-aed90191bbf3",
  "outputs": {
    "app_service_url": {
      "value": "https://notifier-bot-as.azurewebsites.net/api/messages",
      "type": "string"
    }
  },
  "resources": [
    {
      "mode": "data",
      "type": "azurerm_client_config",
      "name": "current",
      "provider": "provider[\"registry.terraform.io/hashicorp/azurerm\"]",
      "instances": [
        {
          "schema_version": 0,
          "attributes": {
            "client_id": "04b07795-8ddb-461a-bbee-02f9e1bf7b46",
            "id": "Y2xpZW50Q29uZmlncy9jbGllbnRJZD0wNGIwNzc5NS04ZGRiLTQ2MWEtYmJlZS0wMmY5ZTFiZjdiNDY7b2JqZWN0SWQ9Mzc5NzJkYWEtZWY4Ny00OWJiLWJmZjItZDM5ZmIyODJjYzdmO3N1YnNjcmlwdGlvbklkPTc0YTUzNGU4LTJjZmUtNDI4ZS05ZjA1LTNiMjY5MDdmNTczNjt0ZW5hbnRJZD05MmQ4YzMwNS0yMzY2LTRhMTMtYTlhYS02Y2EzNjU3YjdjOGY=",
            "object_id": "37972daa-ef87-49bb-bff2-d39fb282cc7f",
            "subscription_id": "74a534e8-2cfe-428e-9f05-3b26907f5736",
            "tenant_id": "92d8c305-2366-4a13-a9aa-6ca3657b7c8f",
            "timeouts": null
          },
          "sensitive_attributes": []
        }
      ]
    },
    {
      "mode": "managed",
      "type": "azurerm_application_insights",
      "name": "notifier-bot-appinsights",
      "provider": "provider[\"registry.terraform.io/hashicorp/azurerm\"]",
      "instances": [
        {
          "schema_version": 1,
          "attributes": {
            "app_id": "18da7638-2e6b-4454-8f9c-3894637f3a61",
            "application_type": "web",
            "connection_string": "InstrumentationKey=9a5a4d98-25f5-4226-8eac-135db8d37989;IngestionEndpoint=https://westeurope-3.in.applicationinsights.azure.com/;LiveEndpoint=https://westeurope.livediagnostics.monitor.azure.com/",
            "daily_data_cap_in_gb": 100,
            "daily_data_cap_notifications_disabled": false,
            "disable_ip_masking": false,
            "force_customer_storage_for_profiler": false,
            "id": "/subscriptions/74a534e8-2cfe-428e-9f05-3b26907f5736/resourceGroups/rfc_bot_rg/providers/Microsoft.Insights/components/notifier-bot-appinsights",
            "instrumentation_key": "9a5a4d98-25f5-4226-8eac-135db8d37989",
            "internet_ingestion_enabled": true,
            "internet_query_enabled": true,
            "local_authentication_disabled": false,
            "location": "westeurope",
            "name": "notifier-bot-appinsights",
            "resource_group_name": "rfc_bot_rg",
            "retention_in_days": 90,
            "sampling_percentage": 100,
            "tags": {},
            "timeouts": null,
            "workspace_id": ""
          },
          "sensitive_attributes": [],
          "private": "eyJlMmJmYjczMC1lY2FhLTExZTYtOGY4OC0zNDM2M2JjN2M0YzAiOnsiY3JlYXRlIjozNjAwMDAwMDAwMDAwLCJkZWxldGUiOjE4MDAwMDAwMDAwMDAsInJlYWQiOjMwMDAwMDAwMDAwMCwidXBkYXRlIjoxODAwMDAwMDAwMDAwfSwic2NoZW1hX3ZlcnNpb24iOiIxIn0=",
          "dependencies": [
            "azurerm_resource_group.notifier_bot_rg"
          ]
        }
      ]
    },
    {
      "mode": "managed",
      "type": "azurerm_application_insights_api_key",
      "name": "notifier_bot-appinsightsapikey",
      "provider": "provider[\"registry.terraform.io/hashicorp/azurerm\"]",
      "instances": [
        {
          "schema_version": 1,
          "attributes": {
            "api_key": "i7t52zy62lmmvux1qsplr35ezdr08ydezclmdjaa",
            "application_insights_id": "/subscriptions/74a534e8-2cfe-428e-9f05-3b26907f5736/resourceGroups/rfc_bot_rg/providers/Microsoft.Insights/components/notifier-bot-appinsights",
            "id": "/subscriptions/74a534e8-2cfe-428e-9f05-3b26907f5736/resourcegroups/rfc_bot_rg/providers/microsoft.insights/components/notifier-bot-appinsights/apiKeys/5fff6194-0929-46bb-af3d-9728ea1da1b8",
            "name": "notifier-bot-appinsightsapikey",
            "read_permissions": [
              "aggregate",
              "api",
              "draft",
              "extendqueries",
              "search"
            ],
            "timeouts": null,
            "write_permissions": []
          },
          "sensitive_attributes": [],
          "private": "eyJlMmJmYjczMC1lY2FhLTExZTYtOGY4OC0zNDM2M2JjN2M0YzAiOnsiY3JlYXRlIjoxODAwMDAwMDAwMDAwLCJkZWxldGUiOjE4MDAwMDAwMDAwMDAsInJlYWQiOjMwMDAwMDAwMDAwMCwidXBkYXRlIjoxODAwMDAwMDAwMDAwfSwic2NoZW1hX3ZlcnNpb24iOiIxIn0=",
          "dependencies": [
            "azurerm_application_insights.notifier-bot-appinsights",
            "azurerm_resource_group.notifier_bot_rg"
          ]
        }
      ]
    },
    {
      "mode": "managed",
      "type": "azurerm_bot_service_azure_bot",
      "name": "notifier_bot_bot",
      "provider": "provider[\"registry.terraform.io/hashicorp/azurerm\"]",
      "instances": [
        {
          "schema_version": 0,
          "attributes": {
            "developer_app_insights_api_key": "",
            "developer_app_insights_application_id": "18da7638-2e6b-4454-8f9c-3894637f3a61",
            "developer_app_insights_key": "",
            "display_name": "notifier-bot_bot",
            "endpoint": "https://notifier-bot-as.azurewebsites.net/api/messages",
            "id": "/subscriptions/74a534e8-2cfe-428e-9f05-3b26907f5736/resourceGroups/rfc_bot_rg/providers/Microsoft.BotService/botServices/notifier-bot_bot",
            "location": "global",
            "luis_app_ids": null,
            "luis_key": null,
            "microsoft_app_id": "f40f6981-28cb-4db8-ae1c-8e10bfce0676",
            "microsoft_app_msi_id": "",
            "microsoft_app_tenant_id": "",
            "microsoft_app_type": "",
            "name": "notifier-bot_bot",
            "resource_group_name": "rfc_bot_rg",
            "sku": "F0",
            "streaming_endpoint_enabled": false,
            "tags": null,
            "timeouts": null
          },
          "sensitive_attributes": [
            [
              {
                "type": "get_attr",
                "value": "developer_app_insights_api_key"
              }
            ]
          ],
          "private": "eyJlMmJmYjczMC1lY2FhLTExZTYtOGY4OC0zNDM2M2JjN2M0YzAiOnsiY3JlYXRlIjoxODAwMDAwMDAwMDAwLCJkZWxldGUiOjE4MDAwMDAwMDAwMDAsInJlYWQiOjMwMDAwMDAwMDAwMCwidXBkYXRlIjoxODAwMDAwMDAwMDAwfX0=",
          "dependencies": [
            "azurerm_application_insights.notifier-bot-appinsights",
            "azurerm_application_insights_api_key.notifier_bot-appinsightsapikey",
            "azurerm_resource_group.notifier_bot_rg",
            "azurerm_user_assigned_identity.notifier_bot_uai"
          ]
        }
      ]
    },
    {
      "mode": "managed",
      "type": "azurerm_linux_web_app",
      "name": "notifier_bot_as",
      "provider": "provider[\"registry.terraform.io/hashicorp/azurerm\"]",
      "instances": [
        {
          "schema_version": 0,
          "attributes": {
            "app_settings": {},
            "auth_settings": [
              {
                "active_directory": [],
                "additional_login_parameters": {},
                "allowed_external_redirect_urls": [],
                "default_provider": "",
                "enabled": false,
                "facebook": [],
                "github": [],
                "google": [],
                "issuer": "",
                "microsoft": [],
                "runtime_version": "",
                "token_refresh_extension_hours": 0,
                "token_store_enabled": false,
                "twitter": [],
                "unauthenticated_client_action": ""
              }
            ],
            "backup": [],
            "client_affinity_enabled": false,
            "client_certificate_enabled": false,
            "client_certificate_exclusion_paths": "",
            "client_certificate_mode": "Required",
            "connection_string": [],
            "custom_domain_verification_id": "532BFB743D0495D257EDE6F2B9FB80DF509CA4E65DAE378558A491DA94F26E2D",
            "default_hostname": "notifier-bot-as.azurewebsites.net",
            "enabled": true,
            "https_only": false,
            "id": "/subscriptions/74a534e8-2cfe-428e-9f05-3b26907f5736/resourceGroups/rfc_bot_rg/providers/Microsoft.Web/sites/notifier-bot-as",
            "identity": [
              {
                "identity_ids": [
                  "/subscriptions/74a534e8-2cfe-428e-9f05-3b26907f5736/resourceGroups/rfc_bot_rg/providers/Microsoft.ManagedIdentity/userAssignedIdentities/notifier_bot_uai"
                ],
                "principal_id": "",
                "tenant_id": "",
                "type": "UserAssigned"
              }
            ],
            "key_vault_reference_identity_id": "SystemAssigned",
            "kind": "app,linux",
            "location": "westeurope",
            "logs": [],
            "name": "notifier-bot-as",
            "outbound_ip_address_list": [
              "20.238.240.222",
              "20.238.240.232",
              "20.238.240.234",
              "20.238.240.236",
              "20.31.47.225",
              "20.31.47.171",
              "20.105.232.16"
            ],
            "outbound_ip_addresses": "20.238.240.222,20.238.240.232,20.238.240.234,20.238.240.236,20.31.47.225,20.31.47.171,20.105.232.16",
            "possible_outbound_ip_address_list": [
              "20.238.240.222",
              "20.238.240.232",
              "20.238.240.234",
              "20.238.240.236",
              "20.31.47.225",
              "20.31.47.171",
              "20.31.43.8",
              "20.31.42.62",
              "20.31.47.232",
              "20.238.240.185",
              "20.238.240.104",
              "20.31.47.235",
              "20.31.47.237",
              "20.31.47.238",
              "20.238.240.149",
              "20.238.240.42",
              "20.238.240.151",
              "20.238.240.153",
              "20.238.240.106",
              "20.123.238.232",
              "20.31.41.31",
              "20.31.45.65",
              "20.31.42.202",
              "20.31.43.51",
              "20.105.232.16"
            ],
            "possible_outbound_ip_addresses": "20.238.240.222,20.238.240.232,20.238.240.234,20.238.240.236,20.31.47.225,20.31.47.171,20.31.43.8,20.31.42.62,20.31.47.232,20.238.240.185,20.238.240.104,20.31.47.235,20.31.47.237,20.31.47.238,20.238.240.149,20.238.240.42,20.238.240.151,20.238.240.153,20.238.240.106,20.123.238.232,20.31.41.31,20.31.45.65,20.31.42.202,20.31.43.51,20.105.232.16",
            "resource_group_name": "rfc_bot_rg",
            "service_plan_id": "/subscriptions/74a534e8-2cfe-428e-9f05-3b26907f5736/resourceGroups/rfc_bot_rg/providers/Microsoft.Web/serverfarms/notifier_bot_sp",
            "site_config": [
              {
                "always_on": false,
                "api_definition_url": "",
                "api_management_api_id": "",
                "app_command_line": "",
                "application_stack": [
                  {
                    "docker_image": "",
                    "docker_image_tag": "",
                    "dotnet_version": "",
                    "java_server": "",
                    "java_server_version": "",
                    "java_version": "",
                    "node_version": "14-lts",
                    "php_version": "",
                    "python_version": "",
                    "ruby_version": ""
                  }
                ],
                "auto_heal_enabled": false,
                "auto_heal_setting": [],
                "container_registry_managed_identity_client_id": "",
                "container_registry_use_managed_identity": false,
                "cors": [],
                "default_documents": [
                  "Default.htm",
                  "Default.html",
                  "Default.asp",
                  "index.htm",
                  "index.html",
                  "iisstart.htm",
                  "default.aspx",
                  "index.php",
                  "hostingstart.html"
                ],
                "detailed_error_logging_enabled": false,
                "ftps_state": "Disabled",
                "health_check_eviction_time_in_min": 0,
                "health_check_path": "",
                "http2_enabled": false,
                "ip_restriction": [],
                "linux_fx_version": "NODE|14-lts",
                "load_balancing_mode": "LeastRequests",
                "local_mysql_enabled": false,
                "managed_pipeline_mode": "Integrated",
                "minimum_tls_version": "1.2",
                "remote_debugging_enabled": false,
                "remote_debugging_version": "VS2019",
                "scm_ip_restriction": [],
                "scm_minimum_tls_version": "1.2",
                "scm_type": "None",
                "scm_use_main_ip_restriction": false,
                "use_32_bit_worker": true,
                "vnet_route_all_enabled": false,
                "websockets_enabled": false,
                "worker_count": 1
              }
            ],
            "site_credential": [
              {
                "name": "$notifier-bot-as",
                "password": "5iFySuBv8qvwNP8hE3Qi5d5LYYfTHT7e4TRXgAonvlDNRxjGiY1wFMYythms"
              }
            ],
            "sticky_settings": [],
            "storage_account": [],
            "tags": {},
            "timeouts": null,
            "virtual_network_subnet_id": "",
            "zip_deploy_file": "/Users/maksym/www/02.echo-bot/notifier-bot.zip"
          },
          "sensitive_attributes": [],
          "private": "eyJlMmJmYjczMC1lY2FhLTExZTYtOGY4OC0zNDM2M2JjN2M0YzAiOnsiY3JlYXRlIjoxODAwMDAwMDAwMDAwLCJkZWxldGUiOjE4MDAwMDAwMDAwMDAsInJlYWQiOjMwMDAwMDAwMDAwMCwidXBkYXRlIjoxODAwMDAwMDAwMDAwfX0=",
          "dependencies": [
            "azurerm_resource_group.notifier_bot_rg",
            "azurerm_service_plan.notifier_bot_sp",
            "azurerm_user_assigned_identity.notifier_bot_uai"
          ]
        }
      ]
    },
    {
      "mode": "managed",
      "type": "azurerm_resource_group",
      "name": "notifier_bot_rg",
      "provider": "provider[\"registry.terraform.io/hashicorp/azurerm\"]",
      "instances": [
        {
          "schema_version": 0,
          "attributes": {
            "id": "/subscriptions/74a534e8-2cfe-428e-9f05-3b26907f5736/resourceGroups/rfc_bot_rg",
            "location": "westeurope",
            "name": "rfc_bot_rg",
            "tags": {},
            "timeouts": null
          },
          "sensitive_attributes": [],
          "private": "eyJlMmJmYjczMC1lY2FhLTExZTYtOGY4OC0zNDM2M2JjN2M0YzAiOnsiY3JlYXRlIjo1NDAwMDAwMDAwMDAwLCJkZWxldGUiOjU0MDAwMDAwMDAwMDAsInJlYWQiOjMwMDAwMDAwMDAwMCwidXBkYXRlIjo1NDAwMDAwMDAwMDAwfX0="
        }
      ]
    },
    {
      "mode": "managed",
      "type": "azurerm_service_plan",
      "name": "notifier_bot_sp",
      "provider": "provider[\"registry.terraform.io/hashicorp/azurerm\"]",
      "instances": [
        {
          "schema_version": 0,
          "attributes": {
            "app_service_environment_id": "",
            "id": "/subscriptions/74a534e8-2cfe-428e-9f05-3b26907f5736/resourceGroups/rfc_bot_rg/providers/Microsoft.Web/serverfarms/notifier_bot_sp",
            "kind": "linux",
            "location": "westeurope",
            "maximum_elastic_worker_count": 1,
            "name": "notifier_bot_sp",
            "os_type": "Linux",
            "per_site_scaling_enabled": false,
            "reserved": true,
            "resource_group_name": "rfc_bot_rg",
            "sku_name": "F1",
            "tags": {},
            "timeouts": null,
            "worker_count": 1,
            "zone_balancing_enabled": false
          },
          "sensitive_attributes": [],
          "private": "eyJlMmJmYjczMC1lY2FhLTExZTYtOGY4OC0zNDM2M2JjN2M0YzAiOnsiY3JlYXRlIjozNjAwMDAwMDAwMDAwLCJkZWxldGUiOjM2MDAwMDAwMDAwMDAsInJlYWQiOjMwMDAwMDAwMDAwMCwidXBkYXRlIjozNjAwMDAwMDAwMDAwfX0=",
          "dependencies": [
            "azurerm_resource_group.notifier_bot_rg"
          ]
        }
      ]
    },
    {
      "mode": "managed",
      "type": "azurerm_user_assigned_identity",
      "name": "notifier_bot_uai",
      "provider": "provider[\"registry.terraform.io/hashicorp/azurerm\"]",
      "instances": [
        {
          "schema_version": 1,
          "attributes": {
            "client_id": "f40f6981-28cb-4db8-ae1c-8e10bfce0676",
            "id": "/subscriptions/74a534e8-2cfe-428e-9f05-3b26907f5736/resourceGroups/rfc_bot_rg/providers/Microsoft.ManagedIdentity/userAssignedIdentities/notifier-bot_uai",
            "location": "westeurope",
            "name": "notifier-bot_uai",
            "principal_id": "080818ed-fb14-4c4d-91e4-b5148ae5332c",
            "resource_group_name": "rfc_bot_rg",
            "tags": {},
            "tenant_id": "92d8c305-2366-4a13-a9aa-6ca3657b7c8f",
            "timeouts": null
          },
          "sensitive_attributes": [],
          "private": "eyJlMmJmYjczMC1lY2FhLTExZTYtOGY4OC0zNDM2M2JjN2M0YzAiOnsiY3JlYXRlIjoxODAwMDAwMDAwMDAwLCJkZWxldGUiOjE4MDAwMDAwMDAwMDAsInJlYWQiOjMwMDAwMDAwMDAwMCwidXBkYXRlIjoxODAwMDAwMDAwMDAwfSwic2NoZW1hX3ZlcnNpb24iOiIxIn0=",
          "dependencies": [
            "azurerm_resource_group.notifier_bot_rg"
          ]
        }
      ]
    }
  ],
  "check_results": null
}
